
Microsoft Visual Studio Solution File, Format Version 12.00
# Visual Studio Version 17
VisualStudioVersion = 17.6.33723.286
MinimumVisualStudioVersion = 10.0.40219.1
Project("{6EC3EE1D-3C4E-46DD-8F32-0CC8E7565705}") = "api", "api_src\api.fsproj", "{858B8412-5665-4B5A-8D99-7736D1A89715}"
EndProject
Project("{FAE04EC0-301F-11D3-BF4B-00C04F79EFBC}") = "snake_case", "snake_case\snake_case.csproj", "{2060B866-CDFA-44D2-8B58-259DA14495B9}"
EndProject
Global
	GlobalSection(SolutionConfigurationPlatforms) = preSolution
		Debug|Any CPU = Debug|Any CPU
		Release|Any CPU = Release|Any CPU
	EndGlobalSection
	GlobalSection(ProjectConfigurationPlatforms) = postSolution
		{858B8412-5665-4B5A-8D99-7736D1A89715}.Debug|Any CPU.ActiveCfg = Debug|Any CPU
		{858B8412-5665-4B5A-8D99-7736D1A89715}.Debug|Any CPU.Build.0 = Debug|Any CPU
		{858B8412-5665-4B5A-8D99-7736D1A89715}.Release|Any CPU.ActiveCfg = Release|Any CPU
		{858B8412-5665-4B5A-8D99-7736D1A89715}.Release|Any CPU.Build.0 = Release|Any CPU
		{2060B866-CDFA-44D2-8B58-259DA14495B9}.Debug|Any CPU.ActiveCfg = Debug|Any CPU
		{2060B866-CDFA-44D2-8B58-259DA14495B9}.Debug|Any CPU.Build.0 = Debug|Any CPU
		{2060B866-CDFA-44D2-8B58-259DA14495B9}.Release|Any CPU.ActiveCfg = Release|Any CPU
		{2060B866-CDFA-44D2-8B58-259DA14495B9}.Release|Any CPU.Build.0 = Release|Any CPU
	EndGlobalSection
	GlobalSection(SolutionProperties) = preSolution
		HideSolutionNode = FALSE
	EndGlobalSection
	GlobalSection(ExtensibilityGlobals) = postSolution
		SolutionGuid = {F6B37067-00A8-4812-B193-BE8401EB9065}
	EndGlobalSection
EndGlobal
